
Microsoft Visual Studio Solution File, Format Version 12.00
# Visual Studio Version 17
VisualStudioVersion = 17.4.33213.308
MinimumVisualStudioVersion = 10.0.40219.1
Project("{FAE04EC0-301F-11D3-BF4B-00C04F79EFBC}") = "ConsoleApp1", "ConsoleApp1\ConsoleApp1.csproj", "{98CBB2B8-4152-4B84-A2AC-451D4E6F889D}"
EndProject
Global
	GlobalSection(SolutionConfigurationPlatforms) = preSolution
		Debug|Any CPU = Debug|Any CPU
		Release|Any CPU = Release|Any CPU
	EndGlobalSection
	GlobalSection(ProjectConfigurationPlatforms) = postSolution
		{98CBB2B8-4152-4B84-A2AC-451D4E6F889D}.Debug|Any CPU.ActiveCfg = Debug|Any CPU
		{98CBB2B8-4152-4B84-A2AC-451D4E6F889D}.Debug|Any CPU.Build.0 = Debug|Any CPU
		{98CBB2B8-4152-4B84-A2AC-451D4E6F889D}.Release|Any CPU.ActiveCfg = Release|Any CPU
		{98CBB2B8-4152-4B84-A2AC-451D4E6F889D}.Release|Any CPU.Build.0 = Release|Any CPU
	EndGlobalSection
	GlobalSection(SolutionProperties) = preSolution
		HideSolutionNode = FALSE
	EndGlobalSection
	GlobalSection(ExtensibilityGlobals) = postSolution
		SolutionGuid = {1C7ED5FD-587A-4AE5-9021-B2EEDC81E953}
	EndGlobalSection
EndGlobal
